
Microsoft Visual Studio Solution File, Format Version 12.00
# Visual Studio 15
VisualStudioVersion = 15.0.28307.136
MinimumVisualStudioVersion = 10.0.40219.1
Project("{FAE04EC0-301F-11D3-BF4B-00C04F79EFBC}") = "TiltMe.Service", "TiltMeService\TiltMe.Service.csproj", "{362C4CDF-1BDD-4A3E-9C03-5A3ED42F797A}"
EndProject
Project("{FAE04EC0-301F-11D3-BF4B-00C04F79EFBC}") = "TiltMe.DataContext", "TiltMe.DataContext\TiltMe.DataContext.csproj", "{C2675A33-8DDE-4C9E-8773-78E0AB67257B}"
EndProject
Project("{FAE04EC0-301F-11D3-BF4B-00C04F79EFBC}") = "TiltMe.Models", "TiltMe.Models\TiltMe.Models.csproj", "{AA93208E-FACE-4147-9699-9F4744F4DB82}"
EndProject
Global
	GlobalSection(SolutionConfigurationPlatforms) = preSolution
		Debug|Any CPU = Debug|Any CPU
		Release|Any CPU = Release|Any CPU
	EndGlobalSection
	GlobalSection(ProjectConfigurationPlatforms) = postSolution
		{362C4CDF-1BDD-4A3E-9C03-5A3ED42F797A}.Debug|Any CPU.ActiveCfg = Debug|Any CPU
		{362C4CDF-1BDD-4A3E-9C03-5A3ED42F797A}.Debug|Any CPU.Build.0 = Debug|Any CPU
		{362C4CDF-1BDD-4A3E-9C03-5A3ED42F797A}.Release|Any CPU.ActiveCfg = Release|Any CPU
		{362C4CDF-1BDD-4A3E-9C03-5A3ED42F797A}.Release|Any CPU.Build.0 = Release|Any CPU
		{C2675A33-8DDE-4C9E-8773-78E0AB67257B}.Debug|Any CPU.ActiveCfg = Debug|Any CPU
		{C2675A33-8DDE-4C9E-8773-78E0AB67257B}.Debug|Any CPU.Build.0 = Debug|Any CPU
		{C2675A33-8DDE-4C9E-8773-78E0AB67257B}.Release|Any CPU.ActiveCfg = Release|Any CPU
		{C2675A33-8DDE-4C9E-8773-78E0AB67257B}.Release|Any CPU.Build.0 = Release|Any CPU
		{AA93208E-FACE-4147-9699-9F4744F4DB82}.Debug|Any CPU.ActiveCfg = Debug|Any CPU
		{AA93208E-FACE-4147-9699-9F4744F4DB82}.Debug|Any CPU.Build.0 = Debug|Any CPU
		{AA93208E-FACE-4147-9699-9F4744F4DB82}.Release|Any CPU.ActiveCfg = Release|Any CPU
		{AA93208E-FACE-4147-9699-9F4744F4DB82}.Release|Any CPU.Build.0 = Release|Any CPU
	EndGlobalSection
	GlobalSection(SolutionProperties) = preSolution
		HideSolutionNode = FALSE
	EndGlobalSection
	GlobalSection(ExtensibilityGlobals) = postSolution
		SolutionGuid = {B4AD1385-6837-4B2B-88A9-CFAF1A137AE4}
	EndGlobalSection
EndGlobal
